
Microsoft Visual Studio Solution File, Format Version 12.00
# Visual Studio 14
VisualStudioVersion = 14.0.25420.1
MinimumVisualStudioVersion = 10.0.40219.1
Project("{FAE04EC0-301F-11D3-BF4B-00C04F79EFBC}") = "Services", "Services\Services.csproj", "{34F7C221-C862-4160-8B99-C83DD38070C5}"
EndProject
Project("{FAE04EC0-301F-11D3-BF4B-00C04F79EFBC}") = "UI_MVC", "UI\UI_MVC.csproj", "{EB1F8602-18D7-4273-B8AB-9218F89BE3A0}"
EndProject
Global
	GlobalSection(SolutionConfigurationPlatforms) = preSolution
		Debug|Any CPU = Debug|Any CPU
		Release|Any CPU = Release|Any CPU
	EndGlobalSection
	GlobalSection(ProjectConfigurationPlatforms) = postSolution
		{34F7C221-C862-4160-8B99-C83DD38070C5}.Debug|Any CPU.ActiveCfg = Debug|Any CPU
		{34F7C221-C862-4160-8B99-C83DD38070C5}.Debug|Any CPU.Build.0 = Debug|Any CPU
		{34F7C221-C862-4160-8B99-C83DD38070C5}.Release|Any CPU.ActiveCfg = Release|Any CPU
		{34F7C221-C862-4160-8B99-C83DD38070C5}.Release|Any CPU.Build.0 = Release|Any CPU
		{EB1F8602-18D7-4273-B8AB-9218F89BE3A0}.Debug|Any CPU.ActiveCfg = Debug|Any CPU
		{EB1F8602-18D7-4273-B8AB-9218F89BE3A0}.Debug|Any CPU.Build.0 = Debug|Any CPU
		{EB1F8602-18D7-4273-B8AB-9218F89BE3A0}.Release|Any CPU.ActiveCfg = Release|Any CPU
		{EB1F8602-18D7-4273-B8AB-9218F89BE3A0}.Release|Any CPU.Build.0 = Release|Any CPU
	EndGlobalSection
	GlobalSection(SolutionProperties) = preSolution
		HideSolutionNode = FALSE
	EndGlobalSection
EndGlobal
